# THIS IS AN AUTOGENERATED FILE. DO NOT EDIT THIS FILE DIRECTLY.
# yarn lockfile v1


"@types/chess.js@0.13.4":
  version "0.13.4"
  resolved "https://registry.yarnpkg.com/@types/chess.js/-/chess.js-0.13.4.tgz#6cb3ee550c74a5934fc7be55d89482833253727f"
  integrity sha512-rPmTVffnepx/TVe9ZzOf8bXxyCkYQ+h+VTSiI4JKjoKWzCFkPgPRJL7Cz15qslksOcVGEYCPYLbG0NLO4yzbrg==

chess.js@0.13.4:
  version "0.13.4"
  resolved "https://registry.yarnpkg.com/chess.js/-/chess.js-0.13.4.tgz#5c67542206cab25690f53de3cf7ff6be602c7aad"
  integrity sha512-li8pyEtvfw6V7xvVr5aUh8OuICfviWNT3YXPh56/wNZ8yEdqdAaWcWargK6xTmqsWKKH5c1bvdJ7lh5vqNv2wg==

chessground@8.3.5:
  version "8.3.5"
  resolved "https://registry.yarnpkg.com/chessground/-/chessground-8.3.5.tgz#1f4c48d88a40646042a82bb6d12663e64082f816"
  integrity sha512-MnrQ2sO9FfHcPYwALuLCEQujEUWFqaVzfsn02iOBmFkndzpOk+9zn7rlSwksoJKZ5+LcrA0EaWgN+GzB0gzX8A==

snabbdom@3.5.1:
  version "3.5.1"
  resolved "https://registry.yarnpkg.com/snabbdom/-/snabbdom-3.5.1.tgz#25f80ef15b194baea703d9d5441892e369de18e1"
  integrity sha512-wHMNIOjkm/YNE5EM3RCbr/+DVgPg6AqQAX1eOxO46zYNvCXjKP5Y865tqQj3EXnaMBjkxmQA5jFuDpDK/dbfiA==

tslib@2.4.1:
  version "2.4.1"
  resolved "https://registry.yarnpkg.com/tslib/-/tslib-2.4.1.tgz#0d0bfbaac2880b91e22df0768e55be9753a5b17e"
  integrity sha512-tGyy4dAjRIEwI7BzsB0lynWgOpfqjUdq91XXAlIWD2OwKBH7oCl/GZG/HT4BOHrTlPMOASlMQ7veyTqpmRcrNA==
