# THIS IS AN AUTOGENERATED FILE. DO NOT EDIT THIS FILE DIRECTLY.
# yarn lockfile v1


"@types/chess.js@0.10.1":
  version "0.10.1"
  resolved "https://registry.yarnpkg.com/@types/chess.js/-/chess.js-0.10.1.tgz#441f0c379ef6d37e3991dcbf3d5db00b44fdb891"
  integrity sha512-cuFMyrUYOWpKm5PRayvk22jLV3BOuWs7iJ7Q4PZJXMWoF7uhjWEojMS4GPk441gn4Ki9BHxbKsll7mrwJ3KT3g==

chess.js@0.11.0:
  version "0.11.0"
  resolved "https://registry.yarnpkg.com/chess.js/-/chess.js-0.11.0.tgz#e1802179b944eab5daf11b5d4bce08cdcadbeffa"
  integrity sha512-yTpi6XbRMkBtnjSvbt6wEp9Y7JzhJl1MC3GNn67q5ClyccXxCRf5cMPSUg4OblrUapg1kLHm7WzxxEVp20NK1Q==

chessground@7.11.1:
  version "7.11.1"
  resolved "https://registry.yarnpkg.com/chessground/-/chessground-7.11.1.tgz#7e126d660d63025f9bf27371a8778e2baeeb1b57"
  integrity sha512-IwGSEZBsQlquHyudv1Y5EwlfTXrz0CEWisJuEim2W3eX07IBpYUsr0ChTD35du+Cr0x1+e6GbCLY3hVejKG7ow==

snabbdom@3.0.1:
  version "3.0.1"
  resolved "https://registry.yarnpkg.com/snabbdom/-/snabbdom-3.0.1.tgz#9355339e7c970be7fcd54128ccde9ee57301f222"
  integrity sha512-H4gKokDT1HPe3dlGyTihNw0NtEH9FxZy55MXp3ODM4O30NBRe+11veox1wf/CP9NfGcbStDM3BmO1DFC9/5wRw==

tslib@2.2.0:
  version "2.2.0"
  resolved "https://registry.yarnpkg.com/tslib/-/tslib-2.2.0.tgz#fb2c475977e35e241311ede2693cee1ec6698f5c"
  integrity sha512-gS9GVHRU+RGn5KQM2rllAlR3dU6m7AcpJKdtH8gFvQiC4Otgk98XnmMU+nZenHt/+VhnBPWwgrJsyrdcw6i23w==
