# THIS IS AN AUTOGENERATED FILE. DO NOT EDIT THIS FILE DIRECTLY.
# yarn lockfile v1


"@types/chess.js@0.13.1":
  version "0.13.1"
  resolved "https://registry.yarnpkg.com/@types/chess.js/-/chess.js-0.13.1.tgz#dda08630957a87375fbadbee1ad3484b8316e1ab"
  integrity sha512-g5+1ClE0exhD+U7LCcclzBons3d/7ensY61pIoPIdh1VGWMrfMjW0RlI3AYZOXjvc+9Y4KM6lfDiBhXhb7FZag==

chess.js@0.13.2:
  version "0.13.2"
  resolved "https://registry.yarnpkg.com/chess.js/-/chess.js-0.13.2.tgz#a917667a5bc79c5de325fe7da8c479e3959b30fd"
  integrity sha512-MVr9IfU1ZhyPMAW4BfwsgeSyB9sliREiWhpimNDZN0Q6JMmb9W0drGlUvemqheqkVGa+/FgypLv/FexUBLBTow==

chessground@8.2.1:
  version "8.2.1"
  resolved "https://registry.yarnpkg.com/chessground/-/chessground-8.2.1.tgz#0cb686c0c88f78cc18b931ae3564e3d571156ca7"
  integrity sha512-cM79y/kC0yI+S89XN6q7CXROi/YSrU3yPTEisNJNbXMuNoqfg6cmk9/9ulCXDR6U+bnVSsrgtorgoP9PGlZTuQ==

snabbdom@3.5.0:
  version "3.5.0"
  resolved "https://registry.yarnpkg.com/snabbdom/-/snabbdom-3.5.0.tgz#e75acbdedb26ea327c75028a433ba064db0ccf6e"
  integrity sha512-Ff5BKG18KrrPuskHJlA9aujPHqEabItaDl96l7ZZndF4zt5AYSczz7ZjjgQAX5IBd5cd25lw9NfgX21yVUJ+9g==

tslib@2.4.0:
  version "2.4.0"
  resolved "https://registry.yarnpkg.com/tslib/-/tslib-2.4.0.tgz#7cecaa7f073ce680a05847aa77be941098f36dc3"
  integrity sha512-d6xOpEDfsi2CZVlPQzGeux8XMwLT9hssAsaPYExaQMuYskwb+x1x7J371tWlbBdWHroy99KnVB6qIkUbs5X3UQ==
